PODS:
  - GoogleMaps (8.4.0):
    - GoogleMaps/Maps (= 8.4.0)
  - GoogleMaps/Base (8.4.0)
  - GoogleMaps/Maps (8.4.0):
    - GoogleMaps/Base
  - RxCocoa (6.5.0):
    - RxRelay (= 6.5.0)
    - RxSwift (= 6.5.0)
  - RxGoogleMaps (8.0):
    - GoogleMaps (~> 8.0)
    - RxCocoa (~> 6)
    - RxSwift (~> 6)
  - RxRelay (6.5.0):
    - RxSwift (= 6.5.0)
  - RxSwift (6.5.0)

DEPENDENCIES:
  - RxGoogleMaps (from `./`)

SPEC REPOS:
  https://github.com/CocoaPods/Specs.git:
    - GoogleMaps
    - RxCocoa
    - RxRelay
    - RxSwift

EXTERNAL SOURCES:
  RxGoogleMaps:
    :path: "./"

SPEC CHECKSUMS:
  GoogleMaps: 8939898920281c649150e0af74aa291c60f2e77d
  RxCocoa: 94f817b71c07517321eb4f9ad299112ca8af743b
  RxGoogleMaps: 7296f2ea958abd9b1328d1111b081a6f220e6c09
  RxRelay: 1de1523e604c72b6c68feadedd1af3b1b4d0ecbd
  RxSwift: 5710a9e6b17f3c3d6e40d6e559b9fa1e813b2ef8

PODFILE CHECKSUM: b8fbb96e50fe23f05387790effa2fcc475d7bf39

COCOAPODS: 1.16.2
